
Microsoft Visual Studio Solution File, Format Version 12.00
# Visual Studio Version 17
VisualStudioVersion = 17.2.32516.85
MinimumVisualStudioVersion = 10.0.40219.1
Project("{FAE04EC0-301F-11D3-BF4B-00C04F79EFBC}") = "SistemaWebEmpleado", "SistemaWebEmpleado\SistemaWebEmpleado.csproj", "{632F015E-0579-4B5E-B5F7-E7741DAF28B6}"
EndProject
Global
	GlobalSection(SolutionConfigurationPlatforms) = preSolution
		Debug|Any CPU = Debug|Any CPU
		Release|Any CPU = Release|Any CPU
	EndGlobalSection
	GlobalSection(ProjectConfigurationPlatforms) = postSolution
		{632F015E-0579-4B5E-B5F7-E7741DAF28B6}.Debug|Any CPU.ActiveCfg = Debug|Any CPU
		{632F015E-0579-4B5E-B5F7-E7741DAF28B6}.Debug|Any CPU.Build.0 = Debug|Any CPU
		{632F015E-0579-4B5E-B5F7-E7741DAF28B6}.Release|Any CPU.ActiveCfg = Release|Any CPU
		{632F015E-0579-4B5E-B5F7-E7741DAF28B6}.Release|Any CPU.Build.0 = Release|Any CPU
	EndGlobalSection
	GlobalSection(SolutionProperties) = preSolution
		HideSolutionNode = FALSE
	EndGlobalSection
	GlobalSection(ExtensibilityGlobals) = postSolution
		SolutionGuid = {8512E9C8-4369-422C-A7F6-B3F38DCF3E42}
	EndGlobalSection
EndGlobal
